Microsoft Visual Studio Solution File, Format Version 12.00
# Visual Studio Version 17
VisualStudioVersion = 17.0.31903.59
MinimumVisualStudioVersion = 10.0.40219.1
Project("{FAE04EC0-301F-11D3-BF4B-00C04F79EFBC}") = "NeoServiceLayer.Api", "NeoServiceLayer.Api\NeoServiceLayer.Api.csproj", "{A1B2C3D4-E5F6-G7H8-I9J0-K1L2M3N4O5P6}"
EndProject
Project("{FAE04EC0-301F-11D3-BF4B-00C04F79EFBC}") = "NeoServiceLayer.Core", "NeoServiceLayer.Core\NeoServiceLayer.Core.csproj", "{B2C3D4E5-F6G7-H8I9-J0K1-L2M3N4O5P6Q7}"
EndProject
Project("{FAE04EC0-301F-11D3-BF4B-00C04F79EFBC}") = "NeoServiceLayer.Services", "NeoServiceLayer.Services\NeoServiceLayer.Services.csproj", "{C3D4E5F6-G7H8-I9J0-K1L2-M3N4O5P6Q7R8}"
EndProject
Project("{FAE04EC0-301F-11D3-BF4B-00C04F79EFBC}") = "NeoServiceLayer.Enclave", "NeoServiceLayer.Enclave\NeoServiceLayer.Enclave.csproj", "{D4E5F6G7-H8I9-J0K1-L2M3-N4O5P6Q7R8S9}"
EndProject
Project("{FAE04EC0-301F-11D3-BF4B-00C04F79EFBC}") = "NeoServiceLayer.Common", "NeoServiceLayer.Common\NeoServiceLayer.Common.csproj", "{E5F6G7H8-I9J0-K1L2-M3N4-O5P6Q7R8S9T0}"
EndProject
Project("{FAE04EC0-301F-11D3-BF4B-00C04F79EFBC}") = "NeoServiceLayer.Tests", "..\tests\NeoServiceLayer.Tests\NeoServiceLayer.Tests.csproj", "{F6G7H8I9-J0K1-L2M3-N4O5-P6Q7R8S9T0U1}"
EndProject
Project("{FAE04EC0-301F-11D3-BF4B-00C04F79EFBC}") = "NeoServiceLayer.CoreModelsTests", "..\tests\NeoServiceLayer.CoreModelsTests\NeoServiceLayer.CoreModelsTests.csproj", "{G7H8I9J0-K1L2-M3N4-O5P6-Q7R8S9T0U1V2}"
EndProject
Project("{FAE04EC0-301F-11D3-BF4B-00C04F79EFBC}") = "NeoServiceLayer.CoreTests", "..\tests\NeoServiceLayer.CoreTests\NeoServiceLayer.CoreTests.csproj", "{H8I9J0K1-L2M3-N4O5-P6Q7-R8S9T0U1V2W3}"
EndProject
Project("{FAE04EC0-301F-11D3-BF4B-00C04F79EFBC}") = "NeoServiceLayer.IntegrationTests", "..\tests\NeoServiceLayer.IntegrationTests\NeoServiceLayer.IntegrationTests.csproj", "{I9J0K1L2-M3N4-O5P6-Q7R8-S9T0U1V2W3X4}"
EndProject
Project("{FAE04EC0-301F-11D3-BF4B-00C04F79EFBC}") = "NeoServiceLayer.MockServiceTests", "..\tests\NeoServiceLayer.MockServiceTests\NeoServiceLayer.MockServiceTests.csproj", "{J0K1L2M3-N4O5-P6Q7-R8S9-T0U1V2W3X4Y5}"
EndProject
Project("{FAE04EC0-301F-11D3-BF4B-00C04F79EFBC}") = "NeoServiceLayer.ServiceTests", "..\tests\NeoServiceLayer.ServiceTests\NeoServiceLayer.ServiceTests.csproj", "{K1L2M3N4-O5P6-Q7R8-S9T0-U1V2W3X4Y5Z6}"
EndProject
Project("{FAE04EC0-301F-11D3-BF4B-00C04F79EFBC}") = "SimpleTests", "..\tests\SimpleTests\SimpleTests.csproj", "{L2M3N4O5-P6Q7-R8S9-T0U1-V2W3X4Y5Z6A7}"
EndProject
Global
	GlobalSection(SolutionConfigurationPlatforms) = preSolution
		Debug|Any CPU = Debug|Any CPU
		Release|Any CPU = Release|Any CPU
	EndGlobalSection
	GlobalSection(SolutionProperties) = preSolution
		HideSolutionNode = FALSE
	EndGlobalSection
	GlobalSection(ProjectConfigurationPlatforms) = postSolution
		{A1B2C3D4-E5F6-G7H8-I9J0-K1L2M3N4O5P6}.Debug|Any CPU.ActiveCfg = Debug|Any CPU
		{A1B2C3D4-E5F6-G7H8-I9J0-K1L2M3N4O5P6}.Debug|Any CPU.Build.0 = Debug|Any CPU
		{A1B2C3D4-E5F6-G7H8-I9J0-K1L2M3N4O5P6}.Release|Any CPU.ActiveCfg = Release|Any CPU
		{A1B2C3D4-E5F6-G7H8-I9J0-K1L2M3N4O5P6}.Release|Any CPU.Build.0 = Release|Any CPU
		{B2C3D4E5-F6G7-H8I9-J0K1-L2M3N4O5P6Q7}.Debug|Any CPU.ActiveCfg = Debug|Any CPU
		{B2C3D4E5-F6G7-H8I9-J0K1-L2M3N4O5P6Q7}.Debug|Any CPU.Build.0 = Debug|Any CPU
		{B2C3D4E5-F6G7-H8I9-J0K1-L2M3N4O5P6Q7}.Release|Any CPU.ActiveCfg = Release|Any CPU
		{B2C3D4E5-F6G7-H8I9-J0K1-L2M3N4O5P6Q7}.Release|Any CPU.Build.0 = Release|Any CPU
		{C3D4E5F6-G7H8-I9J0-K1L2-M3N4O5P6Q7R8}.Debug|Any CPU.ActiveCfg = Debug|Any CPU
		{C3D4E5F6-G7H8-I9J0-K1L2-M3N4O5P6Q7R8}.Debug|Any CPU.Build.0 = Debug|Any CPU
		{C3D4E5F6-G7H8-I9J0-K1L2-M3N4O5P6Q7R8}.Release|Any CPU.ActiveCfg = Release|Any CPU
		{C3D4E5F6-G7H8-I9J0-K1L2-M3N4O5P6Q7R8}.Release|Any CPU.Build.0 = Release|Any CPU
		{D4E5F6G7-H8I9-J0K1-L2M3-N4O5P6Q7R8S9}.Debug|Any CPU.ActiveCfg = Debug|Any CPU
		{D4E5F6G7-H8I9-J0K1-L2M3-N4O5P6Q7R8S9}.Debug|Any CPU.Build.0 = Debug|Any CPU
		{D4E5F6G7-H8I9-J0K1-L2M3-N4O5P6Q7R8S9}.Release|Any CPU.ActiveCfg = Release|Any CPU
		{D4E5F6G7-H8I9-J0K1-L2M3-N4O5P6Q7R8S9}.Release|Any CPU.Build.0 = Release|Any CPU
		{E5F6G7H8-I9J0-K1L2-M3N4-O5P6Q7R8S9T0}.Debug|Any CPU.ActiveCfg = Debug|Any CPU
		{E5F6G7H8-I9J0-K1L2-M3N4-O5P6Q7R8S9T0}.Debug|Any CPU.Build.0 = Debug|Any CPU
		{E5F6G7H8-I9J0-K1L2-M3N4-O5P6Q7R8S9T0}.Release|Any CPU.ActiveCfg = Release|Any CPU
		{E5F6G7H8-I9J0-K1L2-M3N4-O5P6Q7R8S9T0}.Release|Any CPU.Build.0 = Release|Any CPU
		{F6G7H8I9-J0K1-L2M3-N4O5-P6Q7R8S9T0U1}.Debug|Any CPU.ActiveCfg = Debug|Any CPU
		{F6G7H8I9-J0K1-L2M3-N4O5-P6Q7R8S9T0U1}.Debug|Any CPU.Build.0 = Debug|Any CPU
		{F6G7H8I9-J0K1-L2M3-N4O5-P6Q7R8S9T0U1}.Release|Any CPU.ActiveCfg = Release|Any CPU
		{F6G7H8I9-J0K1-L2M3-N4O5-P6Q7R8S9T0U1}.Release|Any CPU.Build.0 = Release|Any CPU
		{G7H8I9J0-K1L2-M3N4-O5P6-Q7R8S9T0U1V2}.Debug|Any CPU.ActiveCfg = Debug|Any CPU
		{G7H8I9J0-K1L2-M3N4-O5P6-Q7R8S9T0U1V2}.Debug|Any CPU.Build.0 = Debug|Any CPU
		{G7H8I9J0-K1L2-M3N4-O5P6-Q7R8S9T0U1V2}.Release|Any CPU.ActiveCfg = Release|Any CPU
		{G7H8I9J0-K1L2-M3N4-O5P6-Q7R8S9T0U1V2}.Release|Any CPU.Build.0 = Release|Any CPU
		{H8I9J0K1-L2M3-N4O5-P6Q7-R8S9T0U1V2W3}.Debug|Any CPU.ActiveCfg = Debug|Any CPU
		{H8I9J0K1-L2M3-N4O5-P6Q7-R8S9T0U1V2W3}.Debug|Any CPU.Build.0 = Debug|Any CPU
		{H8I9J0K1-L2M3-N4O5-P6Q7-R8S9T0U1V2W3}.Release|Any CPU.ActiveCfg = Release|Any CPU
		{H8I9J0K1-L2M3-N4O5-P6Q7-R8S9T0U1V2W3}.Release|Any CPU.Build.0 = Release|Any CPU
		{I9J0K1L2-M3N4-O5P6-Q7R8-S9T0U1V2W3X4}.Debug|Any CPU.ActiveCfg = Debug|Any CPU
		{I9J0K1L2-M3N4-O5P6-Q7R8-S9T0U1V2W3X4}.Debug|Any CPU.Build.0 = Debug|Any CPU
		{I9J0K1L2-M3N4-O5P6-Q7R8-S9T0U1V2W3X4}.Release|Any CPU.ActiveCfg = Release|Any CPU
		{I9J0K1L2-M3N4-O5P6-Q7R8-S9T0U1V2W3X4}.Release|Any CPU.Build.0 = Release|Any CPU
		{J0K1L2M3-N4O5-P6Q7-R8S9-T0U1V2W3X4Y5}.Debug|Any CPU.ActiveCfg = Debug|Any CPU
		{J0K1L2M3-N4O5-P6Q7-R8S9-T0U1V2W3X4Y5}.Debug|Any CPU.Build.0 = Debug|Any CPU
		{J0K1L2M3-N4O5-P6Q7-R8S9-T0U1V2W3X4Y5}.Release|Any CPU.ActiveCfg = Release|Any CPU
		{J0K1L2M3-N4O5-P6Q7-R8S9-T0U1V2W3X4Y5}.Release|Any CPU.Build.0 = Release|Any CPU
		{K1L2M3N4-O5P6-Q7R8-S9T0-U1V2W3X4Y5Z6}.Debug|Any CPU.ActiveCfg = Debug|Any CPU
		{K1L2M3N4-O5P6-Q7R8-S9T0-U1V2W3X4Y5Z6}.Debug|Any CPU.Build.0 = Debug|Any CPU
		{K1L2M3N4-O5P6-Q7R8-S9T0-U1V2W3X4Y5Z6}.Release|Any CPU.ActiveCfg = Release|Any CPU
		{K1L2M3N4-O5P6-Q7R8-S9T0-U1V2W3X4Y5Z6}.Release|Any CPU.Build.0 = Release|Any CPU
		{L2M3N4O5-P6Q7-R8S9-T0U1-V2W3X4Y5Z6A7}.Debug|Any CPU.ActiveCfg = Debug|Any CPU
		{L2M3N4O5-P6Q7-R8S9-T0U1-V2W3X4Y5Z6A7}.Debug|Any CPU.Build.0 = Debug|Any CPU
		{L2M3N4O5-P6Q7-R8S9-T0U1-V2W3X4Y5Z6A7}.Release|Any CPU.ActiveCfg = Release|Any CPU
		{L2M3N4O5-P6Q7-R8S9-T0U1-V2W3X4Y5Z6A7}.Release|Any CPU.Build.0 = Release|Any CPU
	EndGlobalSection
EndGlobal
